
Microsoft Visual Studio Solution File, Format Version 12.00
Project("{FAE04EC0-301F-11D3-BF4B-00C04F79EFBC}") = "BlackDevTools", "BlackDevTools\BlackDevTools.csproj", "{AF20A0CF-115A-4CCE-BA59-799DA8B4C524}"
EndProject
Global
	GlobalSection(SolutionConfigurationPlatforms) = preSolution
		Debug|Any CPU = Debug|Any CPU
		Release|Any CPU = Release|Any CPU
	EndGlobalSection
	GlobalSection(ProjectConfigurationPlatforms) = postSolution
		{AF20A0CF-115A-4CCE-BA59-799DA8B4C524}.Debug|Any CPU.ActiveCfg = Debug|Any CPU
		{AF20A0CF-115A-4CCE-BA59-799DA8B4C524}.Debug|Any CPU.Build.0 = Debug|Any CPU
		{AF20A0CF-115A-4CCE-BA59-799DA8B4C524}.Release|Any CPU.ActiveCfg = Release|Any CPU
		{AF20A0CF-115A-4CCE-BA59-799DA8B4C524}.Release|Any CPU.Build.0 = Release|Any CPU
	EndGlobalSection
EndGlobal
